// !$*UTF8*$!
{
	archiveVersion = 1;
	classes = {
	};
	objectVersion = 46;
	objects = {

/* Begin PBXBuildFile section */
		5464D74B1CC6FBB800D18AD5 /*  onebus.png in Resources */ = {isa = PBXBuildFile; fileRef = 5464D7471CC6FBB800D18AD5 /*  onebus.png */; };
		5464D7531CC7001D00D18AD5 /* VCSearchBar.swift in Sources */ = {isa = PBXBuildFile; fileRef = 5464D7521CC7001D00D18AD5 /* VCSearchBar.swift */; };
		5464D75C1CC9512200D18AD5 /* onebus_loading.png in Resources */ = {isa = PBXBuildFile; fileRef = 5464D75B1CC9512200D18AD5 /* onebus_loading.png */; };
		546743FD1CA5D7D700B1667A /* AppDelegate.swift in Sources */ = {isa = PBXBuildFile; fileRef = 546743FC1CA5D7D700B1667A /* AppDelegate.swift */; };
		546743FF1CA5D7D700B1667A /* ViewController.swift in Sources */ = {isa = PBXBuildFile; fileRef = 546743FE1CA5D7D700B1667A /* ViewController.swift */; };
		546744021CA5D7D700B1667A /* Main.storyboard in Resources */ = {isa = PBXBuildFile; fileRef = 546744001CA5D7D700B1667A /* Main.storyboard */; };
		546744041CA5D7D700B1667A /* Assets.xcassets in Resources */ = {isa = PBXBuildFile; fileRef = 546744031CA5D7D700B1667A /* Assets.xcassets */; };
		546744071CA5D7D700B1667A /* LaunchScreen.storyboard in Resources */ = {isa = PBXBuildFile; fileRef = 546744051CA5D7D700B1667A /* LaunchScreen.storyboard */; };
		546744121CA5D7D700B1667A /* OneBusTests.swift in Sources */ = {isa = PBXBuildFile; fileRef = 546744111CA5D7D700B1667A /* OneBusTests.swift */; };
		5467441D1CA5D7D700B1667A /* OneBusUITests.swift in Sources */ = {isa = PBXBuildFile; fileRef = 5467441C1CA5D7D700B1667A /* OneBusUITests.swift */; };
		5467442B1CA5DA8A00B1667A /* MapKit.framework in Frameworks */ = {isa = PBXBuildFile; fileRef = 5467442A1CA5DA8A00B1667A /* MapKit.framework */; };
		5467442D1CA5E01300B1667A /* CoreLocation.framework in Frameworks */ = {isa = PBXBuildFile; fileRef = 5467442C1CA5E01300B1667A /* CoreLocation.framework */; };
		546744311CA5FDAC00B1667A /* ApiClass.swift in Sources */ = {isa = PBXBuildFile; fileRef = 546744301CA5FDAC00B1667A /* ApiClass.swift */; };
		549177021CB225B7000855E3 /* POIView.xib in Resources */ = {isa = PBXBuildFile; fileRef = 549177011CB225B7000855E3 /* POIView.xib */; };
		549177151CB327D6000855E3 /* CustomizeUIButton.swift in Sources */ = {isa = PBXBuildFile; fileRef = 549177141CB327D6000855E3 /* CustomizeUIButton.swift */; };
		5491771A1CB5B90F000855E3 /* SwfitSpinner.swift in Sources */ = {isa = PBXBuildFile; fileRef = 549177191CB5B90F000855E3 /* SwfitSpinner.swift */; };
		54AF41C71CB8074E00BBF71B /* Polyline.swift in Sources */ = {isa = PBXBuildFile; fileRef = 54AF41C61CB8074D00BBF71B /* Polyline.swift */; };
		54BBB6441CBCAE6D00A4FC36 /* Maps-Center-Direction-icon.png in Resources */ = {isa = PBXBuildFile; fileRef = 54BBB6431CBCAE6D00A4FC36 /* Maps-Center-Direction-icon.png */; };
		54BBB6471CBD9E0A00A4FC36 /* VCTableView.swift in Sources */ = {isa = PBXBuildFile; fileRef = 54BBB6461CBD9E0A00A4FC36 /* VCTableView.swift */; };
		54BBB6531CBEEA1F00A4FC36 /* CustomizeTableCell.xib in Resources */ = {isa = PBXBuildFile; fileRef = 54BBB6521CBEEA1F00A4FC36 /* CustomizeTableCell.xib */; };
		54BBB65B1CBEEC7900A4FC36 /* CustomizeTableCell.swift in Sources */ = {isa = PBXBuildFile; fileRef = 54BBB65A1CBEEC7900A4FC36 /* CustomizeTableCell.swift */; };
		54C57DDF1CA6D23E00392165 /* Alamofire.framework in Embed Frameworks */ = {isa = PBXBuildFile; fileRef = 54C57DD01CA6D20000392165 /* Alamofire.framework */; settings = {ATTRIBUTES = (CodeSignOnCopy, RemoveHeadersOnCopy, ); }; };
		54CA06AE1CA6EB8D00AD45A7 /* Toronto.gpx in Resources */ = {isa = PBXBuildFile; fileRef = 54CA06AD1CA6EB8D00AD45A7 /* Toronto.gpx */; };
		54CA06B01CA6EBF100AD45A7 /* Calgary.gpx in Resources */ = {isa = PBXBuildFile; fileRef = 54CA06AF1CA6EBF100AD45A7 /* Calgary.gpx */; };
		54CA06B31CA78AE200AD45A7 /* POIClass.swift in Sources */ = {isa = PBXBuildFile; fileRef = 54CA06B21CA78AE200AD45A7 /* POIClass.swift */; };
		54CA06BB1CA78FF100AD45A7 /* VCMapView.swift in Sources */ = {isa = PBXBuildFile; fileRef = 54CA06BA1CA78FF100AD45A7 /* VCMapView.swift */; };
		54CA06C51CAB7E0200AD45A7 /* util.swift in Sources */ = {isa = PBXBuildFile; fileRef = 54CA06C41CAB7E0200AD45A7 /* util.swift */; };
		54CA06CD1CAB89C300AD45A7 /* yelp_review_btn_light.png in Resources */ = {isa = PBXBuildFile; fileRef = 54CA06CC1CAB89C300AD45A7 /* yelp_review_btn_light.png */; };
/* End PBXBuildFile section */

/* Begin PBXContainerItemProxy section */
		5467440E1CA5D7D700B1667A /* PBXContainerItemProxy */ = {
			isa = PBXContainerItemProxy;
			containerPortal = 546743F11CA5D7D600B1667A /* Project object */;
			proxyType = 1;
			remoteGlobalIDString = 546743F81CA5D7D600B1667A;
			remoteInfo = OneBus;
		};
		546744191CA5D7D700B1667A /* PBXContainerItemProxy */ = {
			isa = PBXContainerItemProxy;
			containerPortal = 546743F11CA5D7D600B1667A /* Project object */;
			proxyType = 1;
			remoteGlobalIDString = 546743F81CA5D7D600B1667A;
			remoteInfo = OneBus;
		};
		54C57DCF1CA6D20000392165 /* PBXContainerItemProxy */ = {
			isa = PBXContainerItemProxy;
			containerPortal = 54C57DC51CA6D20000392165 /* Alamofire.xcodeproj */;
			proxyType = 2;
			remoteGlobalIDString = F8111E3319A95C8B0040E7D1;
			remoteInfo = "Alamofire iOS";
		};
		54C57DD11CA6D20000392165 /* PBXContainerItemProxy */ = {
			isa = PBXContainerItemProxy;
			containerPortal = 54C57DC51CA6D20000392165 /* Alamofire.xcodeproj */;
			proxyType = 2;
			remoteGlobalIDString = F8111E3E19A95C8B0040E7D1;
			remoteInfo = "Alamofire iOS Tests";
		};
		54C57DD31CA6D20000392165 /* PBXContainerItemProxy */ = {
			isa = PBXContainerItemProxy;
			containerPortal = 54C57DC51CA6D20000392165 /* Alamofire.xcodeproj */;
			proxyType = 2;
			remoteGlobalIDString = 4DD67C0B1A5C55C900ED2280;
			remoteInfo = "Alamofire OSX";
		};
		54C57DD51CA6D20000392165 /* PBXContainerItemProxy */ = {
			isa = PBXContainerItemProxy;
			containerPortal = 54C57DC51CA6D20000392165 /* Alamofire.xcodeproj */;
			proxyType = 2;
			remoteGlobalIDString = F829C6B21A7A94F100A2CD59;
			remoteInfo = "Alamofire OSX Tests";
		};
		54C57DD71CA6D20000392165 /* PBXContainerItemProxy */ = {
			isa = PBXContainerItemProxy;
			containerPortal = 54C57DC51CA6D20000392165 /* Alamofire.xcodeproj */;
			proxyType = 2;
			remoteGlobalIDString = 4CF626EF1BA7CB3E0011A099;
			remoteInfo = "Alamofire tvOS";
		};
		54C57DD91CA6D20000392165 /* PBXContainerItemProxy */ = {
			isa = PBXContainerItemProxy;
			containerPortal = 54C57DC51CA6D20000392165 /* Alamofire.xcodeproj */;
			proxyType = 2;
			remoteGlobalIDString = 4CF626F81BA7CB3E0011A099;
			remoteInfo = "Alamofire tvOS Tests";
		};
		54C57DDB1CA6D20000392165 /* PBXContainerItemProxy */ = {
			isa = PBXContainerItemProxy;
			containerPortal = 54C57DC51CA6D20000392165 /* Alamofire.xcodeproj */;
			proxyType = 2;
			remoteGlobalIDString = E4202FE01B667AA100C997FB;
			remoteInfo = "Alamofire watchOS";
		};
		54C57DDD1CA6D23100392165 /* PBXContainerItemProxy */ = {
			isa = PBXContainerItemProxy;
			containerPortal = 54C57DC51CA6D20000392165 /* Alamofire.xcodeproj */;
			proxyType = 1;
			remoteGlobalIDString = F8111E3219A95C8B0040E7D1;
			remoteInfo = "Alamofire iOS";
		};
/* End PBXContainerItemProxy section */

/* Begin PBXCopyFilesBuildPhase section */
		546744361CA5FFD200B1667A /* Embed Frameworks */ = {
			isa = PBXCopyFilesBuildPhase;
			buildActionMask = 2147483647;
			dstPath = "";
			dstSubfolderSpec = 10;
			files = (
				54C57DDF1CA6D23E00392165 /* Alamofire.framework in Embed Frameworks */,
			);
			name = "Embed Frameworks";
			runOnlyForDeploymentPostprocessing = 0;
		};
/* End PBXCopyFilesBuildPhase section */

/* Begin PBXFileReference section */
		5464D7471CC6FBB800D18AD5 /*  onebus.png */ = {isa = PBXFileReference; lastKnownFileType = image.png; path = " onebus.png"; sourceTree = "<group>"; };
		5464D7521CC7001D00D18AD5 /* VCSearchBar.swift */ = {isa = PBXFileReference; fileEncoding = 4; lastKnownFileType = sourcecode.swift; path = VCSearchBar.swift; sourceTree = "<group>"; };
		5464D75B1CC9512200D18AD5 /* onebus_loading.png */ = {isa = PBXFileReference; lastKnownFileType = image.png; path = onebus_loading.png; sourceTree = "<group>"; };
		546743F91CA5D7D700B1667A /* OneBus.app */ = {isa = PBXFileReference; explicitFileType = wrapper.application; includeInIndex = 0; path = OneBus.app; sourceTree = BUILT_PRODUCTS_DIR; };
		546743FC1CA5D7D700B1667A /* AppDelegate.swift */ = {isa = PBXFileReference; lastKnownFileType = sourcecode.swift; path = AppDelegate.swift; sourceTree = "<group>"; };
		546743FE1CA5D7D700B1667A /* ViewController.swift */ = {isa = PBXFileReference; lastKnownFileType = sourcecode.swift; path = ViewController.swift; sourceTree = "<group>"; };
		546744011CA5D7D700B1667A /* Base */ = {isa = PBXFileReference; lastKnownFileType = file.storyboard; name = Base; path = Base.lproj/Main.storyboard; sourceTree = "<group>"; };
		546744031CA5D7D700B1667A /* Assets.xcassets */ = {isa = PBXFileReference; lastKnownFileType = folder.assetcatalog; path = Assets.xcassets; sourceTree = "<group>"; };
		546744061CA5D7D700B1667A /* Base */ = {isa = PBXFileReference; lastKnownFileType = file.storyboard; name = Base; path = Base.lproj/LaunchScreen.storyboard; sourceTree = "<group>"; };
		546744081CA5D7D700B1667A /* Info.plist */ = {isa = PBXFileReference; lastKnownFileType = text.plist.xml; path = Info.plist; sourceTree = "<group>"; };
		5467440D1CA5D7D700B1667A /* OneBusTests.xctest */ = {isa = PBXFileReference; explicitFileType = wrapper.cfbundle; includeInIndex = 0; path = OneBusTests.xctest; sourceTree = BUILT_PRODUCTS_DIR; };
		546744111CA5D7D700B1667A /* OneBusTests.swift */ = {isa = PBXFileReference; lastKnownFileType = sourcecode.swift; path = OneBusTests.swift; sourceTree = "<group>"; };
		546744131CA5D7D700B1667A /* Info.plist */ = {isa = PBXFileReference; lastKnownFileType = text.plist.xml; path = Info.plist; sourceTree = "<group>"; };
		546744181CA5D7D700B1667A /* OneBusUITests.xctest */ = {isa = PBXFileReference; explicitFileType = wrapper.cfbundle; includeInIndex = 0; path = OneBusUITests.xctest; sourceTree = BUILT_PRODUCTS_DIR; };
		5467441C1CA5D7D700B1667A /* OneBusUITests.swift */ = {isa = PBXFileReference; lastKnownFileType = sourcecode.swift; path = OneBusUITests.swift; sourceTree = "<group>"; };
		5467441E1CA5D7D700B1667A /* Info.plist */ = {isa = PBXFileReference; lastKnownFileType = text.plist.xml; path = Info.plist; sourceTree = "<group>"; };
		5467442A1CA5DA8A00B1667A /* MapKit.framework */ = {isa = PBXFileReference; lastKnownFileType = wrapper.framework; name = MapKit.framework; path = System/Library/Frameworks/MapKit.framework; sourceTree = SDKROOT; };
		5467442C1CA5E01300B1667A /* CoreLocation.framework */ = {isa = PBXFileReference; lastKnownFileType = wrapper.framework; name = CoreLocation.framework; path = System/Library/Frameworks/CoreLocation.framework; sourceTree = SDKROOT; };
		546744301CA5FDAC00B1667A /* ApiClass.swift */ = {isa = PBXFileReference; fileEncoding = 4; lastKnownFileType = sourcecode.swift; path = ApiClass.swift; sourceTree = "<group>"; };
		549177011CB225B7000855E3 /* POIView.xib */ = {isa = PBXFileReference; fileEncoding = 4; lastKnownFileType = file.xib; path = POIView.xib; sourceTree = "<group>"; };
		549177141CB327D6000855E3 /* CustomizeUIButton.swift */ = {isa = PBXFileReference; fileEncoding = 4; lastKnownFileType = sourcecode.swift; path = CustomizeUIButton.swift; sourceTree = "<group>"; };
		549177191CB5B90F000855E3 /* SwfitSpinner.swift */ = {isa = PBXFileReference; fileEncoding = 4; lastKnownFileType = sourcecode.swift; path = SwfitSpinner.swift; sourceTree = "<group>"; };
		54AF41C61CB8074D00BBF71B /* Polyline.swift */ = {isa = PBXFileReference; fileEncoding = 4; lastKnownFileType = sourcecode.swift; path = Polyline.swift; sourceTree = "<group>"; };
		54BBB6431CBCAE6D00A4FC36 /* Maps-Center-Direction-icon.png */ = {isa = PBXFileReference; lastKnownFileType = image.png; path = "Maps-Center-Direction-icon.png"; sourceTree = "<group>"; };
		54BBB6461CBD9E0A00A4FC36 /* VCTableView.swift */ = {isa = PBXFileReference; fileEncoding = 4; lastKnownFileType = sourcecode.swift; path = VCTableView.swift; sourceTree = "<group>"; };
		54BBB6521CBEEA1F00A4FC36 /* CustomizeTableCell.xib */ = {isa = PBXFileReference; fileEncoding = 4; lastKnownFileType = file.xib; path = CustomizeTableCell.xib; sourceTree = "<group>"; };
		54BBB65A1CBEEC7900A4FC36 /* CustomizeTableCell.swift */ = {isa = PBXFileReference; fileEncoding = 4; lastKnownFileType = sourcecode.swift; path = CustomizeTableCell.swift; sourceTree = "<group>"; };
		54C57DC51CA6D20000392165 /* Alamofire.xcodeproj */ = {isa = PBXFileReference; lastKnownFileType = "wrapper.pb-project"; name = Alamofire.xcodeproj; path = Alamofire/Alamofire.xcodeproj; sourceTree = "<group>"; };
		54CA06AD1CA6EB8D00AD45A7 /* Toronto.gpx */ = {isa = PBXFileReference; fileEncoding = 4; lastKnownFileType = text.xml; path = Toronto.gpx; sourceTree = "<group>"; };
		54CA06AF1CA6EBF100AD45A7 /* Calgary.gpx */ = {isa = PBXFileReference; fileEncoding = 4; lastKnownFileType = text.xml; path = Calgary.gpx; sourceTree = "<group>"; };
		54CA06B21CA78AE200AD45A7 /* POIClass.swift */ = {isa = PBXFileReference; fileEncoding = 4; lastKnownFileType = sourcecode.swift; path = POIClass.swift; sourceTree = "<group>"; };
		54CA06BA1CA78FF100AD45A7 /* VCMapView.swift */ = {isa = PBXFileReference; fileEncoding = 4; lastKnownFileType = sourcecode.swift; path = VCMapView.swift; sourceTree = "<group>"; };
		54CA06C41CAB7E0200AD45A7 /* util.swift */ = {isa = PBXFileReference; fileEncoding = 4; lastKnownFileType = sourcecode.swift; path = util.swift; sourceTree = "<group>"; };
		54CA06CC1CAB89C300AD45A7 /* yelp_review_btn_light.png */ = {isa = PBXFileReference; lastKnownFileType = image.png; path = yelp_review_btn_light.png; sourceTree = "<group>"; };
/* End PBXFileReference section */

/* Begin PBXFrameworksBuildPhase section */
		546743F61CA5D7D600B1667A /* Frameworks */ = {
			isa = PBXFrameworksBuildPhase;
			buildActionMask = 2147483647;
			files = (
				5467442D1CA5E01300B1667A /* CoreLocation.framework in Frameworks */,
				5467442B1CA5DA8A00B1667A /* MapKit.framework in Frameworks */,
			);
			runOnlyForDeploymentPostprocessing = 0;
		};
		5467440A1CA5D7D700B1667A /* Frameworks */ = {
			isa = PBXFrameworksBuildPhase;
			buildActionMask = 2147483647;
			files = (
			);
			runOnlyForDeploymentPostprocessing = 0;
		};
		546744151CA5D7D700B1667A /* Frameworks */ = {
			isa = PBXFrameworksBuildPhase;
			buildActionMask = 2147483647;
			files = (
			);
			runOnlyForDeploymentPostprocessing = 0;
		};
/* End PBXFrameworksBuildPhase section */

/* Begin PBXGroup section */
		546743F01CA5D7D600B1667A = {
			isa = PBXGroup;
			children = (
				54CA06AF1CA6EBF100AD45A7 /* Calgary.gpx */,
				54CA06AD1CA6EB8D00AD45A7 /* Toronto.gpx */,
				54C57DC51CA6D20000392165 /* Alamofire.xcodeproj */,
				5467442C1CA5E01300B1667A /* CoreLocation.framework */,
				5467442A1CA5DA8A00B1667A /* MapKit.framework */,
				546743FB1CA5D7D700B1667A /* OneBus */,
				546744101CA5D7D700B1667A /* OneBusTests */,
				5467441B1CA5D7D700B1667A /* OneBusUITests */,
				546743FA1CA5D7D700B1667A /* Products */,
			);
			sourceTree = "<group>";
		};
		546743FA1CA5D7D700B1667A /* Products */ = {
			isa = PBXGroup;
			children = (
				546743F91CA5D7D700B1667A /* OneBus.app */,
				5467440D1CA5D7D700B1667A /* OneBusTests.xctest */,
				546744181CA5D7D700B1667A /* OneBusUITests.xctest */,
			);
			name = Products;
			sourceTree = "<group>";
		};
		546743FB1CA5D7D700B1667A /* OneBus */ = {
			isa = PBXGroup;
			children = (
				549177181CB59F8D000855E3 /* ViewController */,
				549177171CB59F3F000855E3 /* Helper */,
				549177161CB59F31000855E3 /* API */,
				549176FB1CB1F85D000855E3 /* POI */,
				549176F11CB0D85B000855E3 /* resources */,
				546743FC1CA5D7D700B1667A /* AppDelegate.swift */,
				546744001CA5D7D700B1667A /* Main.storyboard */,
				546744031CA5D7D700B1667A /* Assets.xcassets */,
				546744051CA5D7D700B1667A /* LaunchScreen.storyboard */,
				546744081CA5D7D700B1667A /* Info.plist */,
			);
			path = OneBus;
			sourceTree = "<group>";
		};
		546744101CA5D7D700B1667A /* OneBusTests */ = {
			isa = PBXGroup;
			children = (
				546744111CA5D7D700B1667A /* OneBusTests.swift */,
				546744131CA5D7D700B1667A /* Info.plist */,
			);
			path = OneBusTests;
			sourceTree = "<group>";
		};
		5467441B1CA5D7D700B1667A /* OneBusUITests */ = {
			isa = PBXGroup;
			children = (
				5467441C1CA5D7D700B1667A /* OneBusUITests.swift */,
				5467441E1CA5D7D700B1667A /* Info.plist */,
			);
			path = OneBusUITests;
			sourceTree = "<group>";
		};
		549176F11CB0D85B000855E3 /* resources */ = {
			isa = PBXGroup;
			children = (
				5464D7471CC6FBB800D18AD5 /*  onebus.png */,
				5464D75B1CC9512200D18AD5 /* onebus_loading.png */,
				54BBB6431CBCAE6D00A4FC36 /* Maps-Center-Direction-icon.png */,
				54CA06CC1CAB89C300AD45A7 /* yelp_review_btn_light.png */,
			);
			name = resources;
			sourceTree = "<group>";
		};
		549176FB1CB1F85D000855E3 /* POI */ = {
			isa = PBXGroup;
			children = (
				54BBB6521CBEEA1F00A4FC36 /* CustomizeTableCell.xib */,
				54CA06B21CA78AE200AD45A7 /* POIClass.swift */,
				54BBB65A1CBEEC7900A4FC36 /* CustomizeTableCell.swift */,
			);
			name = POI;
			sourceTree = "<group>";
		};
		549177161CB59F31000855E3 /* API */ = {
			isa = PBXGroup;
			children = (
				546744301CA5FDAC00B1667A /* ApiClass.swift */,
			);
			name = API;
			sourceTree = "<group>";
		};
		549177171CB59F3F000855E3 /* Helper */ = {
			isa = PBXGroup;
			children = (
				54CA06C41CAB7E0200AD45A7 /* util.swift */,
				549177191CB5B90F000855E3 /* SwfitSpinner.swift */,
				54AF41C61CB8074D00BBF71B /* Polyline.swift */,
			);
			name = Helper;
			sourceTree = "<group>";
		};
		549177181CB59F8D000855E3 /* ViewController */ = {
			isa = PBXGroup;
			children = (
				546743FE1CA5D7D700B1667A /* ViewController.swift */,
				54CA06BA1CA78FF100AD45A7 /* VCMapView.swift */,
				549177011CB225B7000855E3 /* POIView.xib */,
				549177141CB327D6000855E3 /* CustomizeUIButton.swift */,
				54BBB6461CBD9E0A00A4FC36 /* VCTableView.swift */,
				5464D7521CC7001D00D18AD5 /* VCSearchBar.swift */,
			);
			name = ViewController;
			sourceTree = "<group>";
		};
		54C57DC61CA6D20000392165 /* Products */ = {
			isa = PBXGroup;
			children = (
				54C57DD01CA6D20000392165 /* Alamofire.framework */,
				54C57DD21CA6D20000392165 /* Alamofire iOS Tests.xctest */,
				54C57DD41CA6D20000392165 /* Alamofire.framework */,
				54C57DD61CA6D20000392165 /* Alamofire OSX Tests.xctest */,
				54C57DD81CA6D20000392165 /* Alamofire.framework */,
				54C57DDA1CA6D20000392165 /* Alamofire tvOS Tests.xctest */,
				54C57DDC1CA6D20000392165 /* Alamofire.framework */,
			);
			name = Products;
			sourceTree = "<group>";
		};
/* End PBXGroup section */

/* Begin PBXNativeTarget section */
		546743F81CA5D7D600B1667A /* OneBus */ = {
			isa = PBXNativeTarget;
			buildConfigurationList = 546744211CA5D7D700B1667A /* Build configuration list for PBXNativeTarget "OneBus" */;
			buildPhases = (
				546743F51CA5D7D600B1667A /* Sources */,
				546743F61CA5D7D600B1667A /* Frameworks */,
				546743F71CA5D7D600B1667A /* Resources */,
				546744361CA5FFD200B1667A /* Embed Frameworks */,
			);
			buildRules = (
			);
			dependencies = (
				54C57DDE1CA6D23100392165 /* PBXTargetDependency */,
			);
			name = OneBus;
			productName = OneBus;
			productReference = 546743F91CA5D7D700B1667A /* OneBus.app */;
			productType = "com.apple.product-type.application";
		};
		5467440C1CA5D7D700B1667A /* OneBusTests */ = {
			isa = PBXNativeTarget;
			buildConfigurationList = 546744241CA5D7D700B1667A /* Build configuration list for PBXNativeTarget "OneBusTests" */;
			buildPhases = (
				546744091CA5D7D700B1667A /* Sources */,
				5467440A1CA5D7D700B1667A /* Frameworks */,
				5467440B1CA5D7D700B1667A /* Resources */,
			);
			buildRules = (
			);
			dependencies = (
				5467440F1CA5D7D700B1667A /* PBXTargetDependency */,
			);
			name = OneBusTests;
			productName = OneBusTests;
			productReference = 5467440D1CA5D7D700B1667A /* OneBusTests.xctest */;
			productType = "com.apple.product-type.bundle.unit-test";
		};
		546744171CA5D7D700B1667A /* OneBusUITests */ = {
			isa = PBXNativeTarget;
			buildConfigurationList = 546744271CA5D7D700B1667A /* Build configuration list for PBXNativeTarget "OneBusUITests" */;
			buildPhases = (
				546744141CA5D7D700B1667A /* Sources */,
				546744151CA5D7D700B1667A /* Frameworks */,
				546744161CA5D7D700B1667A /* Resources */,
			);
			buildRules = (
			);
			dependencies = (
				5467441A1CA5D7D700B1667A /* PBXTargetDependency */,
			);
			name = OneBusUITests;
			productName = OneBusUITests;
			productReference = 546744181CA5D7D700B1667A /* OneBusUITests.xctest */;
			productType = "com.apple.product-type.bundle.ui-testing";
		};
/* End PBXNativeTarget section */

/* Begin PBXProject section */
		546743F11CA5D7D600B1667A /* Project object */ = {
			isa = PBXProject;
			attributes = {
				LastSwiftUpdateCheck = 0720;
				LastUpgradeCheck = 0720;
				ORGANIZATIONNAME = "Harry Zheng";
				TargetAttributes = {
					546743F81CA5D7D600B1667A = {
						CreatedOnToolsVersion = 7.2.1;
						DevelopmentTeam = U2T6M6JE97;
					};
					5467440C1CA5D7D700B1667A = {
						CreatedOnToolsVersion = 7.2.1;
						TestTargetID = 546743F81CA5D7D600B1667A;
					};
					546744171CA5D7D700B1667A = {
						CreatedOnToolsVersion = 7.2.1;
						TestTargetID = 546743F81CA5D7D600B1667A;
					};
				};
			};
			buildConfigurationList = 546743F41CA5D7D600B1667A /* Build configuration list for PBXProject "OneBus" */;
			compatibilityVersion = "Xcode 3.2";
			developmentRegion = English;
			hasScannedForEncodings = 0;
			knownRegions = (
				en,
				Base,
			);
			mainGroup = 546743F01CA5D7D600B1667A;
			productRefGroup = 546743FA1CA5D7D700B1667A /* Products */;
			projectDirPath = "";
			projectReferences = (
				{
					ProductGroup = 54C57DC61CA6D20000392165 /* Products */;
					ProjectRef = 54C57DC51CA6D20000392165 /* Alamofire.xcodeproj */;
				},
			);
			projectRoot = "";
			targets = (
				546743F81CA5D7D600B1667A /* OneBus */,
				5467440C1CA5D7D700B1667A /* OneBusTests */,
				546744171CA5D7D700B1667A /* OneBusUITests */,
			);
		};
/* End PBXProject section */

/* Begin PBXReferenceProxy section */
		54C57DD01CA6D20000392165 /* Alamofire.framework */ = {
			isa = PBXReferenceProxy;
			fileType = wrapper.framework;
			path = Alamofire.framework;
			remoteRef = 54C57DCF1CA6D20000392165 /* PBXContainerItemProxy */;
			sourceTree = BUILT_PRODUCTS_DIR;
		};
		54C57DD21CA6D20000392165 /* Alamofire iOS Tests.xctest */ = {
			isa = PBXReferenceProxy;
			fileType = wrapper.cfbundle;
			path = "Alamofire iOS Tests.xctest";
			remoteRef = 54C57DD11CA6D20000392165 /* PBXContainerItemProxy */;
			sourceTree = BUILT_PRODUCTS_DIR;
		};
		54C57DD41CA6D20000392165 /* Alamofire.framework */ = {
			isa = PBXReferenceProxy;
			fileType = wrapper.framework;
			path = Alamofire.framework;
			remoteRef = 54C57DD31CA6D20000392165 /* PBXContainerItemProxy */;
			sourceTree = BUILT_PRODUCTS_DIR;
		};
		54C57DD61CA6D20000392165 /* Alamofire OSX Tests.xctest */ = {
			isa = PBXReferenceProxy;
			fileType = wrapper.cfbundle;
			path = "Alamofire OSX Tests.xctest";
			remoteRef = 54C57DD51CA6D20000392165 /* PBXContainerItemProxy */;
			sourceTree = BUILT_PRODUCTS_DIR;
		};
		54C57DD81CA6D20000392165 /* Alamofire.framework */ = {
			isa = PBXReferenceProxy;
			fileType = wrapper.framework;
			path = Alamofire.framework;
			remoteRef = 54C57DD71CA6D20000392165 /* PBXContainerItemProxy */;
			sourceTree = BUILT_PRODUCTS_DIR;
		};
		54C57DDA1CA6D20000392165 /* Alamofire tvOS Tests.xctest */ = {
			isa = PBXReferenceProxy;
			fileType = wrapper.cfbundle;
			path = "Alamofire tvOS Tests.xctest";
			remoteRef = 54C57DD91CA6D20000392165 /* PBXContainerItemProxy */;
			sourceTree = BUILT_PRODUCTS_DIR;
		};
		54C57DDC1CA6D20000392165 /* Alamofire.framework */ = {
			isa = PBXReferenceProxy;
			fileType = wrapper.framework;
			path = Alamofire.framework;
			remoteRef = 54C57DDB1CA6D20000392165 /* PBXContainerItemProxy */;
			sourceTree = BUILT_PRODUCTS_DIR;
		};
/* End PBXReferenceProxy section */

/* Begin PBXResourcesBuildPhase section */
		546743F71CA5D7D600B1667A /* Resources */ = {
			isa = PBXResourcesBuildPhase;
			buildActionMask = 2147483647;
			files = (
				54BBB6531CBEEA1F00A4FC36 /* CustomizeTableCell.xib in Resources */,
				546744071CA5D7D700B1667A /* LaunchScreen.storyboard in Resources */,
				54CA06AE1CA6EB8D00AD45A7 /* Toronto.gpx in Resources */,
				549177021CB225B7000855E3 /* POIView.xib in Resources */,
				546744041CA5D7D700B1667A /* Assets.xcassets in Resources */,
				54BBB6441CBCAE6D00A4FC36 /* Maps-Center-Direction-icon.png in Resources */,
				5464D74B1CC6FBB800D18AD5 /*  onebus.png in Resources */,
				546744021CA5D7D700B1667A /* Main.storyboard in Resources */,
				54CA06B01CA6EBF100AD45A7 /* Calgary.gpx in Resources */,
				54CA06CD1CAB89C300AD45A7 /* yelp_review_btn_light.png in Resources */,
				5464D75C1CC9512200D18AD5 /* onebus_loading.png in Resources */,
			);
			runOnlyForDeploymentPostprocessing = 0;
		};
		5467440B1CA5D7D700B1667A /* Resources */ = {
			isa = PBXResourcesBuildPhase;
			buildActionMask = 2147483647;
			files = (
			);
			runOnlyForDeploymentPostprocessing = 0;
		};
		546744161CA5D7D700B1667A /* Resources */ = {
			isa = PBXResourcesBuildPhase;
			buildActionMask = 2147483647;
			files = (
			);
			runOnlyForDeploymentPostprocessing = 0;
		};
/* End PBXResourcesBuildPhase section */

/* Begin PBXSourcesBuildPhase section */
		546743F51CA5D7D600B1667A /* Sources */ = {
			isa = PBXSourcesBuildPhase;
			buildActionMask = 2147483647;
			files = (
				5464D7531CC7001D00D18AD5 /* VCSearchBar.swift in Sources */,
				54AF41C71CB8074E00BBF71B /* Polyline.swift in Sources */,
				54CA06B31CA78AE200AD45A7 /* POIClass.swift in Sources */,
				5491771A1CB5B90F000855E3 /* SwfitSpinner.swift in Sources */,
				546744311CA5FDAC00B1667A /* ApiClass.swift in Sources */,
				54BBB65B1CBEEC7900A4FC36 /* CustomizeTableCell.swift in Sources */,
				54BBB6471CBD9E0A00A4FC36 /* VCTableView.swift in Sources */,
				54CA06BB1CA78FF100AD45A7 /* VCMapView.swift in Sources */,
				54CA06C51CAB7E0200AD45A7 /* util.swift in Sources */,
				549177151CB327D6000855E3 /* CustomizeUIButton.swift in Sources */,
				546743FF1CA5D7D700B1667A /* ViewController.swift in Sources */,
				546743FD1CA5D7D700B1667A /* AppDelegate.swift in Sources */,
			);
			runOnlyForDeploymentPostprocessing = 0;
		};
		546744091CA5D7D700B1667A /* Sources */ = {
			isa = PBXSourcesBuildPhase;
			buildActionMask = 2147483647;
			files = (
				546744121CA5D7D700B1667A /* OneBusTests.swift in Sources */,
			);
			runOnlyForDeploymentPostprocessing = 0;
		};
		546744141CA5D7D700B1667A /* Sources */ = {
			isa = PBXSourcesBuildPhase;
			buildActionMask = 2147483647;
			files = (
				5467441D1CA5D7D700B1667A /* OneBusUITests.swift in Sources */,
			);
			runOnlyForDeploymentPostprocessing = 0;
		};
/* End PBXSourcesBuildPhase section */

/* Begin PBXTargetDependency section */
		5467440F1CA5D7D700B1667A /* PBXTargetDependency */ = {
			isa = PBXTargetDependency;
			target = 546743F81CA5D7D600B1667A /* OneBus */;
			targetProxy = 5467440E1CA5D7D700B1667A /* PBXContainerItemProxy */;
		};
		5467441A1CA5D7D700B1667A /* PBXTargetDependency */ = {
			isa = PBXTargetDependency;
			target = 546743F81CA5D7D600B1667A /* OneBus */;
			targetProxy = 546744191CA5D7D700B1667A /* PBXContainerItemProxy */;
		};
		54C57DDE1CA6D23100392165 /* PBXTargetDependency */ = {
			isa = PBXTargetDependency;
			name = "Alamofire iOS";
			targetProxy = 54C57DDD1CA6D23100392165 /* PBXContainerItemProxy */;
		};
/* End PBXTargetDependency section */

/* Begin PBXVariantGroup section */
		546744001CA5D7D700B1667A /* Main.storyboard */ = {
			isa = PBXVariantGroup;
			children = (
				546744011CA5D7D700B1667A /* Base */,
			);
			name = Main.storyboard;
			sourceTree = "<group>";
		};
		546744051CA5D7D700B1667A /* LaunchScreen.storyboard */ = {
			isa = PBXVariantGroup;
			children = (
				546744061CA5D7D700B1667A /* Base */,
			);
			name = LaunchScreen.storyboard;
			sourceTree = "<group>";
		};
/* End PBXVariantGroup section */

/* Begin XCBuildConfiguration section */
		5467441F1CA5D7D700B1667A /* Debug */ = {
			isa = XCBuildConfiguration;
			buildSettings = {
				ALWAYS_SEARCH_USER_PATHS = NO;
				CLANG_CXX_LANGUAGE_STANDARD = "gnu++0x";
				CLANG_CXX_LIBRARY = "libc++";
				CLANG_ENABLE_MODULES = YES;
				CLANG_ENABLE_OBJC_ARC = YES;
				CLANG_WARN_BOOL_CONVERSION = YES;
				CLANG_WARN_CONSTANT_CONVERSION = YES;
				CLANG_WARN_DIRECT_OBJC_ISA_USAGE = YES_ERROR;
				CLANG_WARN_EMPTY_BODY = YES;
				CLANG_WARN_ENUM_CONVERSION = YES;
				CLANG_WARN_INT_CONVERSION = YES;
				CLANG_WARN_OBJC_ROOT_CLASS = YES_ERROR;
				CLANG_WARN_UNREACHABLE_CODE = YES;
				CLANG_WARN__DUPLICATE_METHOD_MATCH = YES;
				"CODE_SIGN_IDENTITY[sdk=iphoneos*]" = "iPhone Developer";
				COPY_PHASE_STRIP = NO;
				DEBUG_INFORMATION_FORMAT = dwarf;
				ENABLE_STRICT_OBJC_MSGSEND = YES;
				ENABLE_TESTABILITY = YES;
				GCC_C_LANGUAGE_STANDARD = gnu99;
				GCC_DYNAMIC_NO_PIC = NO;
				GCC_NO_COMMON_BLOCKS = YES;
				GCC_OPTIMIZATION_LEVEL = 0;
				GCC_PREPROCESSOR_DEFINITIONS = (
					"DEBUG=1",
					"$(inherited)",
				);
				GCC_WARN_64_TO_32_BIT_CONVERSION = YES;
				GCC_WARN_ABOUT_RETURN_TYPE = YES_ERROR;
				GCC_WARN_UNDECLARED_SELECTOR = YES;
				GCC_WARN_UNINITIALIZED_AUTOS = YES_AGGRESSIVE;
				GCC_WARN_UNUSED_FUNCTION = YES;
				GCC_WARN_UNUSED_VARIABLE = YES;
				IPHONEOS_DEPLOYMENT_TARGET = 9.2;
				MTL_ENABLE_DEBUG_INFO = YES;
				ONLY_ACTIVE_ARCH = YES;
				SDKROOT = iphoneos;
				SWIFT_OPTIMIZATION_LEVEL = "-Onone";
			};
			name = Debug;
		};
		546744201CA5D7D700B1667A /* Release */ = {
			isa = XCBuildConfiguration;
			buildSettings = {
				ALWAYS_SEARCH_USER_PATHS = NO;
				CLANG_CXX_LANGUAGE_STANDARD = "gnu++0x";
				CLANG_CXX_LIBRARY = "libc++";
				CLANG_ENABLE_MODULES = YES;
				CLANG_ENABLE_OBJC_ARC = YES;
				CLANG_WARN_BOOL_CONVERSION = YES;
				CLANG_WARN_CONSTANT_CONVERSION = YES;
				CLANG_WARN_DIRECT_OBJC_ISA_USAGE = YES_ERROR;
				CLANG_WARN_EMPTY_BODY = YES;
				CLANG_WARN_ENUM_CONVERSION = YES;
				CLANG_WARN_INT_CONVERSION = YES;
				CLANG_WARN_OBJC_ROOT_CLASS = YES_ERROR;
				CLANG_WARN_UNREACHABLE_CODE = YES;
				CLANG_WARN__DUPLICATE_METHOD_MATCH = YES;
				"CODE_SIGN_IDENTITY[sdk=iphoneos*]" = "iPhone Developer";
				COPY_PHASE_STRIP = NO;
				DEBUG_INFORMATION_FORMAT = "dwarf-with-dsym";
				ENABLE_NS_ASSERTIONS = NO;
				ENABLE_STRICT_OBJC_MSGSEND = YES;
				GCC_C_LANGUAGE_STANDARD = gnu99;
				GCC_NO_COMMON_BLOCKS = YES;
				GCC_WARN_64_TO_32_BIT_CONVERSION = YES;
				GCC_WARN_ABOUT_RETURN_TYPE = YES_ERROR;
				GCC_WARN_UNDECLARED_SELECTOR = YES;
				GCC_WARN_UNINITIALIZED_AUTOS = YES_AGGRESSIVE;
				GCC_WARN_UNUSED_FUNCTION = YES;
				GCC_WARN_UNUSED_VARIABLE = YES;
				IPHONEOS_DEPLOYMENT_TARGET = 9.2;
				MTL_ENABLE_DEBUG_INFO = NO;
				SDKROOT = iphoneos;
				VALIDATE_PRODUCT = YES;
			};
			name = Release;
		};
		546744221CA5D7D700B1667A /* Debug */ = {
			isa = XCBuildConfiguration;
			buildSettings = {
				ASSETCATALOG_COMPILER_APPICON_NAME = AppIcon;
				CODE_SIGN_IDENTITY = "iPhone Developer";
				"CODE_SIGN_IDENTITY[sdk=iphoneos*]" = "iPhone Developer";
				INFOPLIST_FILE = OneBus/Info.plist;
				IPHONEOS_DEPLOYMENT_TARGET = 9.3;
				LD_RUNPATH_SEARCH_PATHS = "$(inherited) @executable_path/Frameworks";
				PRODUCT_BUNDLE_IDENTIFIER = com.yychubharry.onebus;
				PRODUCT_NAME = "$(TARGET_NAME)";
				PROVISIONING_PROFILE = "";
			};
			name = Debug;
		};
		546744231CA5D7D700B1667A /* Release */ = {
			isa = XCBuildConfiguration;
			buildSettings = {
				ASSETCATALOG_COMPILER_APPICON_NAME = AppIcon;
				CODE_SIGN_IDENTITY = "iPhone Developer";
				"CODE_SIGN_IDENTITY[sdk=iphoneos*]" = "iPhone Developer";
				INFOPLIST_FILE = OneBus/Info.plist;
				IPHONEOS_DEPLOYMENT_TARGET = 9.3;
				LD_RUNPATH_SEARCH_PATHS = "$(inherited) @executable_path/Frameworks";
				PRODUCT_BUNDLE_IDENTIFIER = com.yychubharry.onebus;
				PRODUCT_NAME = "$(TARGET_NAME)";
				PROVISIONING_PROFILE = "";
			};
			name = Release;
		};
		546744251CA5D7D700B1667A /* Debug */ = {
			isa = XCBuildConfiguration;
			buildSettings = {
				BUNDLE_LOADER = "$(TEST_HOST)";
				INFOPLIST_FILE = OneBusTests/Info.plist;
				LD_RUNPATH_SEARCH_PATHS = "$(inherited) @executable_path/Frameworks @loader_path/Frameworks";
				PRODUCT_BUNDLE_IDENTIFIER = "Harry-Zheng.OneBusTests";
				PRODUCT_NAME = "$(TARGET_NAME)";
				TEST_HOST = "$(BUILT_PRODUCTS_DIR)/OneBus.app/OneBus";
			};
			name = Debug;
		};
		546744261CA5D7D700B1667A /* Release */ = {
			isa = XCBuildConfiguration;
			buildSettings = {
				BUNDLE_LOADER = "$(TEST_HOST)";
				INFOPLIST_FILE = OneBusTests/Info.plist;
				LD_RUNPATH_SEARCH_PATHS = "$(inherited) @executable_path/Frameworks @loader_path/Frameworks";
				PRODUCT_BUNDLE_IDENTIFIER = "Harry-Zheng.OneBusTests";
				PRODUCT_NAME = "$(TARGET_NAME)";
				TEST_HOST = "$(BUILT_PRODUCTS_DIR)/OneBus.app/OneBus";
			};
			name = Release;
		};
		546744281CA5D7D700B1667A /* Debug */ = {
			isa = XCBuildConfiguration;
			buildSettings = {
				INFOPLIST_FILE = OneBusUITests/Info.plist;
				LD_RUNPATH_SEARCH_PATHS = "$(inherited) @executable_path/Frameworks @loader_path/Frameworks";
				PRODUCT_BUNDLE_IDENTIFIER = "Harry-Zheng.OneBusUITests";
				PRODUCT_NAME = "$(TARGET_NAME)";
				TEST_TARGET_NAME = OneBus;
				USES_XCTRUNNER = YES;
			};
			name = Debug;
		};
		546744291CA5D7D700B1667A /* Release */ = {
			isa = XCBuildConfiguration;
			buildSettings = {
				INFOPLIST_FILE = OneBusUITests/Info.plist;
				LD_RUNPATH_SEARCH_PATHS = "$(inherited) @executable_path/Frameworks @loader_path/Frameworks";
				PRODUCT_BUNDLE_IDENTIFIER = "Harry-Zheng.OneBusUITests";
				PRODUCT_NAME = "$(TARGET_NAME)";
				TEST_TARGET_NAME = OneBus;
				USES_XCTRUNNER = YES;
			};
			name = Release;
		};
/* End XCBuildConfiguration section */

/* Begin XCConfigurationList section */
		546743F41CA5D7D600B1667A /* Build configuration list for PBXProject "OneBus" */ = {
			isa = XCConfigurationList;
			buildConfigurations = (
				5467441F1CA5D7D700B1667A /* Debug */,
				546744201CA5D7D700B1667A /* Release */,
			);
			defaultConfigurationIsVisible = 0;
			defaultConfigurationName = Release;
		};
		546744211CA5D7D700B1667A /* Build configuration list for PBXNativeTarget "OneBus" */ = {
			isa = XCConfigurationList;
			buildConfigurations = (
				546744221CA5D7D700B1667A /* Debug */,
				546744231CA5D7D700B1667A /* Release */,
			);
			defaultConfigurationIsVisible = 0;
			defaultConfigurationName = Release;
		};
		546744241CA5D7D700B1667A /* Build configuration list for PBXNativeTarget "OneBusTests" */ = {
			isa = XCConfigurationList;
			buildConfigurations = (
				546744251CA5D7D700B1667A /* Debug */,
				546744261CA5D7D700B1667A /* Release */,
			);
			defaultConfigurationIsVisible = 0;
			defaultConfigurationName = Release;
		};
		546744271CA5D7D700B1667A /* Build configuration list for PBXNativeTarget "OneBusUITests" */ = {
			isa = XCConfigurationList;
			buildConfigurations = (
				546744281CA5D7D700B1667A /* Debug */,
				546744291CA5D7D700B1667A /* Release */,
			);
			defaultConfigurationIsVisible = 0;
			defaultConfigurationName = Release;
		};
/* End XCConfigurationList section */
	};
	rootObject = 546743F11CA5D7D600B1667A /* Project object */;
}
